{
  "originHash" : "b63b8062f1464d284b0bfc76dcc78089ca66970f3ea34f53f786ae885d69004f",
  "pins" : [
    {
      "identity" : "icnativeclient",
      "kind" : "remoteSourceControl",
      "location" : "https://github.com/humandebri/ICNativeClient.git",
      "state" : {
        "revision" : "1a0bf69bb166977871272889081428d40b9a1c8f",
        "version" : "0.2.1"
      }
    },
    {
      "identity" : "libwebp-xcode",
      "kind" : "remoteSourceControl",
      "location" : "https://github.com/SDWebImage/libwebp-Xcode.git",
      "state" : {
        "revision" : "2b5256c29ff4e20f2a0d5ee863b62b1a22144434",
        "version" : "1.6.0"
      }
    }
  ],
  "version" : 3
}
